
Microsoft Visual Studio Solution File, Format Version 12.00
# Visual Studio Version 16
VisualStudioVersion = 16.0.31005.135
MinimumVisualStudioVersion = 10.0.40219.1
Project("{FAE04EC0-301F-11D3-BF4B-00C04F79EFBC}") = "ApiMusic", "ApiMusic.csproj", "{2FB8AB2F-4D2B-4F9F-9FA0-85FD715A9964}"
EndProject
Global
	GlobalSection(SolutionConfigurationPlatforms) = preSolution
		Debug|Any CPU = Debug|Any CPU
		Release|Any CPU = Release|Any CPU
	EndGlobalSection
	GlobalSection(ProjectConfigurationPlatforms) = postSolution
		{2FB8AB2F-4D2B-4F9F-9FA0-85FD715A9964}.Debug|Any CPU.ActiveCfg = Debug|Any CPU
		{2FB8AB2F-4D2B-4F9F-9FA0-85FD715A9964}.Debug|Any CPU.Build.0 = Debug|Any CPU
		{2FB8AB2F-4D2B-4F9F-9FA0-85FD715A9964}.Release|Any CPU.ActiveCfg = Release|Any CPU
		{2FB8AB2F-4D2B-4F9F-9FA0-85FD715A9964}.Release|Any CPU.Build.0 = Release|Any CPU
	EndGlobalSection
	GlobalSection(SolutionProperties) = preSolution
		HideSolutionNode = FALSE
	EndGlobalSection
	GlobalSection(ExtensibilityGlobals) = postSolution
		SolutionGuid = {A7AE9E06-1993-479E-AC04-155E95484D9A}
	EndGlobalSection
EndGlobal
